
Microsoft Visual Studio Solution File, Format Version 12.00
# Visual Studio Version 16
VisualStudioVersion = 16.0.33920.266
MinimumVisualStudioVersion = 10.0.40219.1
Project("{FAE04EC0-301F-11D3-BF4B-00C04F79EFBC}") = "GZ.RuleEngine", "GZ.RuleEngine\GZ.RuleEngine.csproj", "{16F59E0C-D8B0-4F4E-BB56-6B35A404B1EF}"
EndProject
Global
	GlobalSection(SolutionConfigurationPlatforms) = preSolution
		Debug|Any CPU = Debug|Any CPU
		Release|Any CPU = Release|Any CPU
	EndGlobalSection
	GlobalSection(ProjectConfigurationPlatforms) = postSolution
		{16F59E0C-D8B0-4F4E-BB56-6B35A404B1EF}.Debug|Any CPU.ActiveCfg = Debug|Any CPU
		{16F59E0C-D8B0-4F4E-BB56-6B35A404B1EF}.Debug|Any CPU.Build.0 = Debug|Any CPU
		{16F59E0C-D8B0-4F4E-BB56-6B35A404B1EF}.Release|Any CPU.ActiveCfg = Release|Any CPU
		{16F59E0C-D8B0-4F4E-BB56-6B35A404B1EF}.Release|Any CPU.Build.0 = Release|Any CPU
	EndGlobalSection
	GlobalSection(SolutionProperties) = preSolution
		HideSolutionNode = FALSE
	EndGlobalSection
	GlobalSection(ExtensibilityGlobals) = postSolution
		SolutionGuid = {B2D8239A-3E5C-42D7-AEFE-3D8090B674B7}
	EndGlobalSection
EndGlobal
